
Microsoft Visual Studio Solution File, Format Version 12.00
# Visual Studio Version 17
VisualStudioVersion = 17.8.34601.278
MinimumVisualStudioVersion = 10.0.40219.1
Project("{9A19103F-16F7-4668-BE54-9A1E7A4F7556}") = "SimpleQueue", "SimpleQueue\SimpleQueue.csproj", "{581696D3-4BCB-4603-AB05-1C7DB2220200}"
EndProject
Project("{9A19103F-16F7-4668-BE54-9A1E7A4F7556}") = "SimpleQueue.Test", "SimpleQueue.Test\SimpleQueue.Test.csproj", "{F60B38EA-CFCE-4A29-B5D0-A33DDE99E931}"
EndProject
Project("{2150E333-8FDC-42A3-9474-1A3956D46DE8}") = "Solution Items", "Solution Items", "{D3708715-5F66-4FE0-A155-EFD3B9DE4953}"
	ProjectSection(SolutionItems) = preProject
		Readme.md = Readme.md
	EndProjectSection
EndProject
Project("{9A19103F-16F7-4668-BE54-9A1E7A4F7556}") = "SimpleQueue.InMemory", "SimpleQueue.InMemory\SimpleQueue.InMemory.csproj", "{91749445-0308-492C-8323-4E762FD8BF32}"
EndProject
Project("{9A19103F-16F7-4668-BE54-9A1E7A4F7556}") = "SimpleQueue.RabbitMQ", "SimpleQueue.RabbitMQ\SimpleQueue.RabbitMQ.csproj", "{0A61ED72-6BF5-4C94-A4EA-E5A1F48663D7}"
EndProject
Project("{2150E333-8FDC-42A3-9474-1A3956D46DE8}") = "RabbitMQ", "RabbitMQ", "{C3B0ADAC-95D9-49CE-8A2F-C9F773DE2234}"
EndProject
Project("{2150E333-8FDC-42A3-9474-1A3956D46DE8}") = "InMemory", "InMemory", "{5B72C6DD-F946-471E-AFC3-A3C05C855604}"
EndProject
Project("{9A19103F-16F7-4668-BE54-9A1E7A4F7556}") = "SimpleQueue.RabbitMQ.Test", "SimpleQueue.RabbitMQ.Test\SimpleQueue.RabbitMQ.Test.csproj", "{B0D18539-16E7-4FB9-8E00-1950231D028F}"
EndProject
Project("{9A19103F-16F7-4668-BE54-9A1E7A4F7556}") = "SimpleQueue.InMemory.Test", "SimpleQueue.InMemory.Test\SimpleQueue.InMemory.Test.csproj", "{F944E826-19FD-4177-816A-B1EA9341129F}"
EndProject
Project("{2150E333-8FDC-42A3-9474-1A3956D46DE8}") = "Kafka", "Kafka", "{694ECA7E-06FD-4CF3-AE91-0A1CBB7E3C47}"
EndProject
Project("{9A19103F-16F7-4668-BE54-9A1E7A4F7556}") = "SimpleQueue.Kafka", "SimpleQueue.Kafka\SimpleQueue.Kafka.csproj", "{764B3731-5C06-45D0-A0A6-F96F25AF9581}"
EndProject
Project("{9A19103F-16F7-4668-BE54-9A1E7A4F7556}") = "SimpleQueue.Kafka.Test", "SimpleQueue.Kafka.Test\SimpleQueue.Kafka.Test.csproj", "{F69657FF-3C5B-4ECD-898A-B70EB8EB2E19}"
EndProject
Project("{2150E333-8FDC-42A3-9474-1A3956D46DE8}") = "AmazonSQS", "AmazonSQS", "{2B22DC62-6277-4A8E-A175-04E1D0A924FB}"
EndProject
Project("{9A19103F-16F7-4668-BE54-9A1E7A4F7556}") = "SimpleQueue.AmazonSQS", "SimpleQueue.AmazonSQS\SimpleQueue.AmazonSQS.csproj", "{5C2C98D3-92E4-45D5-B2D2-85067958F7FD}"
EndProject
Project("{9A19103F-16F7-4668-BE54-9A1E7A4F7556}") = "SimpleQueue.AmazonSQS.Test", "SimpleQueue.AmazonSQS.Test\SimpleQueue.AmazonSQS.Test.csproj", "{C6BD277D-F65C-4486-B3C2-0846D7C6B198}"
EndProject
Project("{2150E333-8FDC-42A3-9474-1A3956D46DE8}") = "Demo", "Demo", "{4C533AD2-383E-4529-AB63-710AE7792745}"
EndProject
Project("{9A19103F-16F7-4668-BE54-9A1E7A4F7556}") = "SimpleQueue.Demo.Web", "SimpleQueue.Demo.Web\SimpleQueue.Demo.Web.csproj", "{46DE21E0-F548-4831-8B60-2C6C9433014A}"
EndProject
Project("{9A19103F-16F7-4668-BE54-9A1E7A4F7556}") = "SimpleQueue.Demo.Console", "SimpleQueue.Demo.Console\SimpleQueue.Demo.Console.csproj", "{E8B16DF3-8F7A-4C78-AB3E-7C8F3294B3FC}"
EndProject
Project("{9A19103F-16F7-4668-BE54-9A1E7A4F7556}") = "SimpleQueue.Demo.AppHost", "SimpleQueue.Demo.AppHost\SimpleQueue.Demo.AppHost.csproj", "{291DF99D-20ED-433F-ADE3-D30E6D2C9CA5}"
EndProject
Project("{9A19103F-16F7-4668-BE54-9A1E7A4F7556}") = "SimpleQueue.Demo.ServiceDefaults", "SimpleQueue.Demo.ServiceDefaults\SimpleQueue.Demo.ServiceDefaults.csproj", "{15646E80-3A71-4BB1-8A1D-D29573973D94}"
EndProject
Global
	GlobalSection(SolutionConfigurationPlatforms) = preSolution
		Debug|Any CPU = Debug|Any CPU
		Release|Any CPU = Release|Any CPU
	EndGlobalSection
	GlobalSection(ProjectConfigurationPlatforms) = postSolution
		{581696D3-4BCB-4603-AB05-1C7DB2220200}.Debug|Any CPU.ActiveCfg = Debug|Any CPU
		{581696D3-4BCB-4603-AB05-1C7DB2220200}.Debug|Any CPU.Build.0 = Debug|Any CPU
		{581696D3-4BCB-4603-AB05-1C7DB2220200}.Release|Any CPU.ActiveCfg = Release|Any CPU
		{581696D3-4BCB-4603-AB05-1C7DB2220200}.Release|Any CPU.Build.0 = Release|Any CPU
		{F60B38EA-CFCE-4A29-B5D0-A33DDE99E931}.Debug|Any CPU.ActiveCfg = Debug|Any CPU
		{F60B38EA-CFCE-4A29-B5D0-A33DDE99E931}.Debug|Any CPU.Build.0 = Debug|Any CPU
		{F60B38EA-CFCE-4A29-B5D0-A33DDE99E931}.Release|Any CPU.ActiveCfg = Release|Any CPU
		{F60B38EA-CFCE-4A29-B5D0-A33DDE99E931}.Release|Any CPU.Build.0 = Release|Any CPU
		{91749445-0308-492C-8323-4E762FD8BF32}.Debug|Any CPU.ActiveCfg = Debug|Any CPU
		{91749445-0308-492C-8323-4E762FD8BF32}.Debug|Any CPU.Build.0 = Debug|Any CPU
		{91749445-0308-492C-8323-4E762FD8BF32}.Release|Any CPU.ActiveCfg = Release|Any CPU
		{91749445-0308-492C-8323-4E762FD8BF32}.Release|Any CPU.Build.0 = Release|Any CPU
		{0A61ED72-6BF5-4C94-A4EA-E5A1F48663D7}.Debug|Any CPU.ActiveCfg = Debug|Any CPU
		{0A61ED72-6BF5-4C94-A4EA-E5A1F48663D7}.Debug|Any CPU.Build.0 = Debug|Any CPU
		{0A61ED72-6BF5-4C94-A4EA-E5A1F48663D7}.Release|Any CPU.ActiveCfg = Release|Any CPU
		{0A61ED72-6BF5-4C94-A4EA-E5A1F48663D7}.Release|Any CPU.Build.0 = Release|Any CPU
		{B0D18539-16E7-4FB9-8E00-1950231D028F}.Debug|Any CPU.ActiveCfg = Debug|Any CPU
		{B0D18539-16E7-4FB9-8E00-1950231D028F}.Debug|Any CPU.Build.0 = Debug|Any CPU
		{B0D18539-16E7-4FB9-8E00-1950231D028F}.Release|Any CPU.ActiveCfg = Release|Any CPU
		{B0D18539-16E7-4FB9-8E00-1950231D028F}.Release|Any CPU.Build.0 = Release|Any CPU
		{F944E826-19FD-4177-816A-B1EA9341129F}.Debug|Any CPU.ActiveCfg = Debug|Any CPU
		{F944E826-19FD-4177-816A-B1EA9341129F}.Debug|Any CPU.Build.0 = Debug|Any CPU
		{F944E826-19FD-4177-816A-B1EA9341129F}.Release|Any CPU.ActiveCfg = Release|Any CPU
		{F944E826-19FD-4177-816A-B1EA9341129F}.Release|Any CPU.Build.0 = Release|Any CPU
		{764B3731-5C06-45D0-A0A6-F96F25AF9581}.Debug|Any CPU.ActiveCfg = Debug|Any CPU
		{764B3731-5C06-45D0-A0A6-F96F25AF9581}.Debug|Any CPU.Build.0 = Debug|Any CPU
		{764B3731-5C06-45D0-A0A6-F96F25AF9581}.Release|Any CPU.ActiveCfg = Release|Any CPU
		{764B3731-5C06-45D0-A0A6-F96F25AF9581}.Release|Any CPU.Build.0 = Release|Any CPU
		{F69657FF-3C5B-4ECD-898A-B70EB8EB2E19}.Debug|Any CPU.ActiveCfg = Debug|Any CPU
		{F69657FF-3C5B-4ECD-898A-B70EB8EB2E19}.Debug|Any CPU.Build.0 = Debug|Any CPU
		{F69657FF-3C5B-4ECD-898A-B70EB8EB2E19}.Release|Any CPU.ActiveCfg = Release|Any CPU
		{F69657FF-3C5B-4ECD-898A-B70EB8EB2E19}.Release|Any CPU.Build.0 = Release|Any CPU
		{5C2C98D3-92E4-45D5-B2D2-85067958F7FD}.Debug|Any CPU.ActiveCfg = Debug|Any CPU
		{5C2C98D3-92E4-45D5-B2D2-85067958F7FD}.Debug|Any CPU.Build.0 = Debug|Any CPU
		{5C2C98D3-92E4-45D5-B2D2-85067958F7FD}.Release|Any CPU.ActiveCfg = Release|Any CPU
		{5C2C98D3-92E4-45D5-B2D2-85067958F7FD}.Release|Any CPU.Build.0 = Release|Any CPU
		{C6BD277D-F65C-4486-B3C2-0846D7C6B198}.Debug|Any CPU.ActiveCfg = Debug|Any CPU
		{C6BD277D-F65C-4486-B3C2-0846D7C6B198}.Debug|Any CPU.Build.0 = Debug|Any CPU
		{C6BD277D-F65C-4486-B3C2-0846D7C6B198}.Release|Any CPU.ActiveCfg = Release|Any CPU
		{C6BD277D-F65C-4486-B3C2-0846D7C6B198}.Release|Any CPU.Build.0 = Release|Any CPU
		{46DE21E0-F548-4831-8B60-2C6C9433014A}.Debug|Any CPU.ActiveCfg = Debug|Any CPU
		{46DE21E0-F548-4831-8B60-2C6C9433014A}.Debug|Any CPU.Build.0 = Debug|Any CPU
		{46DE21E0-F548-4831-8B60-2C6C9433014A}.Release|Any CPU.ActiveCfg = Release|Any CPU
		{46DE21E0-F548-4831-8B60-2C6C9433014A}.Release|Any CPU.Build.0 = Release|Any CPU
		{E8B16DF3-8F7A-4C78-AB3E-7C8F3294B3FC}.Debug|Any CPU.ActiveCfg = Debug|Any CPU
		{E8B16DF3-8F7A-4C78-AB3E-7C8F3294B3FC}.Debug|Any CPU.Build.0 = Debug|Any CPU
		{E8B16DF3-8F7A-4C78-AB3E-7C8F3294B3FC}.Release|Any CPU.ActiveCfg = Release|Any CPU
		{E8B16DF3-8F7A-4C78-AB3E-7C8F3294B3FC}.Release|Any CPU.Build.0 = Release|Any CPU
		{291DF99D-20ED-433F-ADE3-D30E6D2C9CA5}.Debug|Any CPU.ActiveCfg = Debug|Any CPU
		{291DF99D-20ED-433F-ADE3-D30E6D2C9CA5}.Debug|Any CPU.Build.0 = Debug|Any CPU
		{291DF99D-20ED-433F-ADE3-D30E6D2C9CA5}.Release|Any CPU.ActiveCfg = Release|Any CPU
		{291DF99D-20ED-433F-ADE3-D30E6D2C9CA5}.Release|Any CPU.Build.0 = Release|Any CPU
		{15646E80-3A71-4BB1-8A1D-D29573973D94}.Debug|Any CPU.ActiveCfg = Debug|Any CPU
		{15646E80-3A71-4BB1-8A1D-D29573973D94}.Debug|Any CPU.Build.0 = Debug|Any CPU
		{15646E80-3A71-4BB1-8A1D-D29573973D94}.Release|Any CPU.ActiveCfg = Release|Any CPU
		{15646E80-3A71-4BB1-8A1D-D29573973D94}.Release|Any CPU.Build.0 = Release|Any CPU
	EndGlobalSection
	GlobalSection(SolutionProperties) = preSolution
		HideSolutionNode = FALSE
	EndGlobalSection
	GlobalSection(NestedProjects) = preSolution
		{91749445-0308-492C-8323-4E762FD8BF32} = {5B72C6DD-F946-471E-AFC3-A3C05C855604}
		{0A61ED72-6BF5-4C94-A4EA-E5A1F48663D7} = {C3B0ADAC-95D9-49CE-8A2F-C9F773DE2234}
		{B0D18539-16E7-4FB9-8E00-1950231D028F} = {C3B0ADAC-95D9-49CE-8A2F-C9F773DE2234}
		{F944E826-19FD-4177-816A-B1EA9341129F} = {5B72C6DD-F946-471E-AFC3-A3C05C855604}
		{764B3731-5C06-45D0-A0A6-F96F25AF9581} = {694ECA7E-06FD-4CF3-AE91-0A1CBB7E3C47}
		{F69657FF-3C5B-4ECD-898A-B70EB8EB2E19} = {694ECA7E-06FD-4CF3-AE91-0A1CBB7E3C47}
		{5C2C98D3-92E4-45D5-B2D2-85067958F7FD} = {2B22DC62-6277-4A8E-A175-04E1D0A924FB}
		{C6BD277D-F65C-4486-B3C2-0846D7C6B198} = {2B22DC62-6277-4A8E-A175-04E1D0A924FB}
		{46DE21E0-F548-4831-8B60-2C6C9433014A} = {4C533AD2-383E-4529-AB63-710AE7792745}
		{E8B16DF3-8F7A-4C78-AB3E-7C8F3294B3FC} = {4C533AD2-383E-4529-AB63-710AE7792745}
		{291DF99D-20ED-433F-ADE3-D30E6D2C9CA5} = {4C533AD2-383E-4529-AB63-710AE7792745}
		{15646E80-3A71-4BB1-8A1D-D29573973D94} = {4C533AD2-383E-4529-AB63-710AE7792745}
	EndGlobalSection
	GlobalSection(ExtensibilityGlobals) = postSolution
		SolutionGuid = {BA73A41B-D795-4D30-9A4B-425D40A3D8E0}
	EndGlobalSection
EndGlobal
